
Microsoft Visual Studio Solution File, Format Version 12.00
# Visual Studio Version 16
VisualStudioVersion = 16.0.29926.136
MinimumVisualStudioVersion = 10.0.40219.1
Project("{FAE04EC0-301F-11D3-BF4B-00C04F79EFBC}") = "Server", "Server\Server.csproj", "{C84BF135-0C40-4DA0-8121-5C91D4139F40}"
EndProject
Global
	GlobalSection(SolutionConfigurationPlatforms) = preSolution
		Debug|Any CPU = Debug|Any CPU
		Release|Any CPU = Release|Any CPU
	EndGlobalSection
	GlobalSection(ProjectConfigurationPlatforms) = postSolution
		{C84BF135-0C40-4DA0-8121-5C91D4139F40}.Debug|Any CPU.ActiveCfg = Debug|Any CPU
		{C84BF135-0C40-4DA0-8121-5C91D4139F40}.Debug|Any CPU.Build.0 = Debug|Any CPU
		{C84BF135-0C40-4DA0-8121-5C91D4139F40}.Release|Any CPU.ActiveCfg = Release|Any CPU
		{C84BF135-0C40-4DA0-8121-5C91D4139F40}.Release|Any CPU.Build.0 = Release|Any CPU
	EndGlobalSection
	GlobalSection(SolutionProperties) = preSolution
		HideSolutionNode = FALSE
	EndGlobalSection
	GlobalSection(ExtensibilityGlobals) = postSolution
		SolutionGuid = {93769717-9A7F-4667-BFFA-68D47CB7B746}
	EndGlobalSection
EndGlobal
